
Microsoft Visual Studio Solution File, Format Version 12.00
# Visual Studio 15
VisualStudioVersion = 15.0.27703.2042
MinimumVisualStudioVersion = 10.0.40219.1
Project("{FAE04EC0-301F-11D3-BF4B-00C04F79EFBC}") = "m4_8_課外作業_3_印出來_類似的_耶誕樹_要5層_teacher", "m4_8_課外作業_3_印出來_類似的_耶誕樹_要5層_teacher\m4_8_課外作業_3_印出來_類似的_耶誕樹_要5層_teacher.csproj", "{63D550E6-DF96-4DEA-A411-27A2D73C1C80}"
EndProject
Global
	GlobalSection(SolutionConfigurationPlatforms) = preSolution
		Debug|Any CPU = Debug|Any CPU
		Release|Any CPU = Release|Any CPU
	EndGlobalSection
	GlobalSection(ProjectConfigurationPlatforms) = postSolution
		{63D550E6-DF96-4DEA-A411-27A2D73C1C80}.Debug|Any CPU.ActiveCfg = Debug|Any CPU
		{63D550E6-DF96-4DEA-A411-27A2D73C1C80}.Debug|Any CPU.Build.0 = Debug|Any CPU
		{63D550E6-DF96-4DEA-A411-27A2D73C1C80}.Release|Any CPU.ActiveCfg = Release|Any CPU
		{63D550E6-DF96-4DEA-A411-27A2D73C1C80}.Release|Any CPU.Build.0 = Release|Any CPU
	EndGlobalSection
	GlobalSection(SolutionProperties) = preSolution
		HideSolutionNode = FALSE
	EndGlobalSection
	GlobalSection(ExtensibilityGlobals) = postSolution
		SolutionGuid = {D3EBEB12-5BA3-4758-8EE8-2834E0DF2396}
	EndGlobalSection
EndGlobal
